github.com/apache/thrift v0.17.0 h1:cMd2aj52n+8VoAtvSvLn4kDC3aZ6IAkBuqWQ2IDu7wo=
github.com/apache/thrift v0.17.0/go.mod h1:OLxhMRJxomX+1I/KUw03qoV3mMz16BwaKI+d4fPBx7Q=
github.com/pkg/errors v0.9.1 h1:FEBLx1zS214owpjy7qsBeixbURkuhQAwrK5UwLGTwt4=
github.com/pkg/errors v0.9.1/go.mod h1:bwawxfHBFNV+L2hUp1rHADufV3IMtnDRdf1r5NINEl0=
